
Microsoft Visual Studio Solution File, Format Version 12.00
# Visual Studio Version 17
VisualStudioVersion = 17.0.31903.59
MinimumVisualStudioVersion = 10.0.40219.1
Project("{2150E333-8FDC-42A3-9474-1A3956D46DE8}") = "src", "src", "{582FCC32-64F6-4CF9-9EAA-42901C645E7C}"
EndProject
Project("{FAE04EC0-301F-11D3-BF4B-00C04F79EFBC}") = "Qubic.Core", "src\Qubic.Core\Qubic.Core.csproj", "{2344AD22-5764-4A40-A77C-87E36DC3914F}"
EndProject
Project("{FAE04EC0-301F-11D3-BF4B-00C04F79EFBC}") = "Qubic.Serialization", "src\Qubic.Serialization\Qubic.Serialization.csproj", "{C52CDCE8-5684-484D-9633-1177C93157EA}"
EndProject
Project("{FAE04EC0-301F-11D3-BF4B-00C04F79EFBC}") = "Qubic.Network", "src\Qubic.Network\Qubic.Network.csproj", "{40F4D047-23A8-4C93-AA48-F6041A1E4CCD}"
EndProject
Project("{FAE04EC0-301F-11D3-BF4B-00C04F79EFBC}") = "Qubic.Rpc", "src\Qubic.Rpc\Qubic.Rpc.csproj", "{B87F96E3-A60B-432A-BB4A-CA965BDAF28F}"
EndProject
Project("{FAE04EC0-301F-11D3-BF4B-00C04F79EFBC}") = "Qubic.Bob", "src\Qubic.Bob\Qubic.Bob.csproj", "{14E9B645-0557-4878-9644-C78EF9AF55AC}"
EndProject
Project("{2150E333-8FDC-42A3-9474-1A3956D46DE8}") = "tests", "tests", "{F8C7A6B7-3F1F-43E2-AF95-DC01803B0163}"
EndProject
Project("{FAE04EC0-301F-11D3-BF4B-00C04F79EFBC}") = "Qubic.Core.Tests", "tests\Qubic.Core.Tests\Qubic.Core.Tests.csproj", "{265B2853-480A-478E-B9F8-0A63634E5A4C}"
EndProject
Project("{FAE04EC0-301F-11D3-BF4B-00C04F79EFBC}") = "Qubic.Serialization.Tests", "tests\Qubic.Serialization.Tests\Qubic.Serialization.Tests.csproj", "{EFE2D0A8-1514-40D6-8AF2-25BABD6AE407}"
EndProject
Project("{FAE04EC0-301F-11D3-BF4B-00C04F79EFBC}") = "Qubic.Network.Tests", "tests\Qubic.Network.Tests\Qubic.Network.Tests.csproj", "{E38DFD55-C49E-49DA-A449-94C8F8E2CB6D}"
EndProject
Project("{FAE04EC0-301F-11D3-BF4B-00C04F79EFBC}") = "Qubic.Rpc.Tests", "tests\Qubic.Rpc.Tests\Qubic.Rpc.Tests.csproj", "{B1AACBA1-DC8C-407F-811C-0E2D8B020418}"
EndProject
Project("{FAE04EC0-301F-11D3-BF4B-00C04F79EFBC}") = "Qubic.Bob.Tests", "tests\Qubic.Bob.Tests\Qubic.Bob.Tests.csproj", "{8ACCEA28-D50D-4781-A2D6-8D2D6943985A}"
EndProject
Project("{FAE04EC0-301F-11D3-BF4B-00C04F79EFBC}") = "Qubic.Crypto", "src\Qubic.Crypto\Qubic.Crypto.csproj", "{0776AD9C-8047-4C26-AE75-A4198E5A3662}"
EndProject
Global
	GlobalSection(SolutionConfigurationPlatforms) = preSolution
		Debug|Any CPU = Debug|Any CPU
		Release|Any CPU = Release|Any CPU
	EndGlobalSection
	GlobalSection(SolutionProperties) = preSolution
		HideSolutionNode = FALSE
	EndGlobalSection
	GlobalSection(ProjectConfigurationPlatforms) = postSolution
		{2344AD22-5764-4A40-A77C-87E36DC3914F}.Debug|Any CPU.ActiveCfg = Debug|Any CPU
		{2344AD22-5764-4A40-A77C-87E36DC3914F}.Debug|Any CPU.Build.0 = Debug|Any CPU
		{2344AD22-5764-4A40-A77C-87E36DC3914F}.Release|Any CPU.ActiveCfg = Release|Any CPU
		{2344AD22-5764-4A40-A77C-87E36DC3914F}.Release|Any CPU.Build.0 = Release|Any CPU
		{C52CDCE8-5684-484D-9633-1177C93157EA}.Debug|Any CPU.ActiveCfg = Debug|Any CPU
		{C52CDCE8-5684-484D-9633-1177C93157EA}.Debug|Any CPU.Build.0 = Debug|Any CPU
		{C52CDCE8-5684-484D-9633-1177C93157EA}.Release|Any CPU.ActiveCfg = Release|Any CPU
		{C52CDCE8-5684-484D-9633-1177C93157EA}.Release|Any CPU.Build.0 = Release|Any CPU
		{40F4D047-23A8-4C93-AA48-F6041A1E4CCD}.Debug|Any CPU.ActiveCfg = Debug|Any CPU
		{40F4D047-23A8-4C93-AA48-F6041A1E4CCD}.Debug|Any CPU.Build.0 = Debug|Any CPU
		{40F4D047-23A8-4C93-AA48-F6041A1E4CCD}.Release|Any CPU.ActiveCfg = Release|Any CPU
		{40F4D047-23A8-4C93-AA48-F6041A1E4CCD}.Release|Any CPU.Build.0 = Release|Any CPU
		{B87F96E3-A60B-432A-BB4A-CA965BDAF28F}.Debug|Any CPU.ActiveCfg = Debug|Any CPU
		{B87F96E3-A60B-432A-BB4A-CA965BDAF28F}.Debug|Any CPU.Build.0 = Debug|Any CPU
		{B87F96E3-A60B-432A-BB4A-CA965BDAF28F}.Release|Any CPU.ActiveCfg = Release|Any CPU
		{B87F96E3-A60B-432A-BB4A-CA965BDAF28F}.Release|Any CPU.Build.0 = Release|Any CPU
		{14E9B645-0557-4878-9644-C78EF9AF55AC}.Debug|Any CPU.ActiveCfg = Debug|Any CPU
		{14E9B645-0557-4878-9644-C78EF9AF55AC}.Debug|Any CPU.Build.0 = Debug|Any CPU
		{14E9B645-0557-4878-9644-C78EF9AF55AC}.Release|Any CPU.ActiveCfg = Release|Any CPU
		{14E9B645-0557-4878-9644-C78EF9AF55AC}.Release|Any CPU.Build.0 = Release|Any CPU
		{265B2853-480A-478E-B9F8-0A63634E5A4C}.Debug|Any CPU.ActiveCfg = Debug|Any CPU
		{265B2853-480A-478E-B9F8-0A63634E5A4C}.Debug|Any CPU.Build.0 = Debug|Any CPU
		{265B2853-480A-478E-B9F8-0A63634E5A4C}.Release|Any CPU.ActiveCfg = Release|Any CPU
		{265B2853-480A-478E-B9F8-0A63634E5A4C}.Release|Any CPU.Build.0 = Release|Any CPU
		{EFE2D0A8-1514-40D6-8AF2-25BABD6AE407}.Debug|Any CPU.ActiveCfg = Debug|Any CPU
		{EFE2D0A8-1514-40D6-8AF2-25BABD6AE407}.Debug|Any CPU.Build.0 = Debug|Any CPU
		{EFE2D0A8-1514-40D6-8AF2-25BABD6AE407}.Release|Any CPU.ActiveCfg = Release|Any CPU
		{EFE2D0A8-1514-40D6-8AF2-25BABD6AE407}.Release|Any CPU.Build.0 = Release|Any CPU
		{E38DFD55-C49E-49DA-A449-94C8F8E2CB6D}.Debug|Any CPU.ActiveCfg = Debug|Any CPU
		{E38DFD55-C49E-49DA-A449-94C8F8E2CB6D}.Debug|Any CPU.Build.0 = Debug|Any CPU
		{E38DFD55-C49E-49DA-A449-94C8F8E2CB6D}.Release|Any CPU.ActiveCfg = Release|Any CPU
		{E38DFD55-C49E-49DA-A449-94C8F8E2CB6D}.Release|Any CPU.Build.0 = Release|Any CPU
		{B1AACBA1-DC8C-407F-811C-0E2D8B020418}.Debug|Any CPU.ActiveCfg = Debug|Any CPU
		{B1AACBA1-DC8C-407F-811C-0E2D8B020418}.Debug|Any CPU.Build.0 = Debug|Any CPU
		{B1AACBA1-DC8C-407F-811C-0E2D8B020418}.Release|Any CPU.ActiveCfg = Release|Any CPU
		{B1AACBA1-DC8C-407F-811C-0E2D8B020418}.Release|Any CPU.Build.0 = Release|Any CPU
		{8ACCEA28-D50D-4781-A2D6-8D2D6943985A}.Debug|Any CPU.ActiveCfg = Debug|Any CPU
		{8ACCEA28-D50D-4781-A2D6-8D2D6943985A}.Debug|Any CPU.Build.0 = Debug|Any CPU
		{8ACCEA28-D50D-4781-A2D6-8D2D6943985A}.Release|Any CPU.ActiveCfg = Release|Any CPU
		{8ACCEA28-D50D-4781-A2D6-8D2D6943985A}.Release|Any CPU.Build.0 = Release|Any CPU
		{0776AD9C-8047-4C26-AE75-A4198E5A3662}.Debug|Any CPU.ActiveCfg = Debug|Any CPU
		{0776AD9C-8047-4C26-AE75-A4198E5A3662}.Debug|Any CPU.Build.0 = Debug|Any CPU
		{0776AD9C-8047-4C26-AE75-A4198E5A3662}.Release|Any CPU.ActiveCfg = Release|Any CPU
		{0776AD9C-8047-4C26-AE75-A4198E5A3662}.Release|Any CPU.Build.0 = Release|Any CPU
	EndGlobalSection
	GlobalSection(NestedProjects) = preSolution
		{2344AD22-5764-4A40-A77C-87E36DC3914F} = {582FCC32-64F6-4CF9-9EAA-42901C645E7C}
		{C52CDCE8-5684-484D-9633-1177C93157EA} = {582FCC32-64F6-4CF9-9EAA-42901C645E7C}
		{40F4D047-23A8-4C93-AA48-F6041A1E4CCD} = {582FCC32-64F6-4CF9-9EAA-42901C645E7C}
		{B87F96E3-A60B-432A-BB4A-CA965BDAF28F} = {582FCC32-64F6-4CF9-9EAA-42901C645E7C}
		{14E9B645-0557-4878-9644-C78EF9AF55AC} = {582FCC32-64F6-4CF9-9EAA-42901C645E7C}
		{265B2853-480A-478E-B9F8-0A63634E5A4C} = {F8C7A6B7-3F1F-43E2-AF95-DC01803B0163}
		{EFE2D0A8-1514-40D6-8AF2-25BABD6AE407} = {F8C7A6B7-3F1F-43E2-AF95-DC01803B0163}
		{E38DFD55-C49E-49DA-A449-94C8F8E2CB6D} = {F8C7A6B7-3F1F-43E2-AF95-DC01803B0163}
		{B1AACBA1-DC8C-407F-811C-0E2D8B020418} = {F8C7A6B7-3F1F-43E2-AF95-DC01803B0163}
		{8ACCEA28-D50D-4781-A2D6-8D2D6943985A} = {F8C7A6B7-3F1F-43E2-AF95-DC01803B0163}
		{0776AD9C-8047-4C26-AE75-A4198E5A3662} = {582FCC32-64F6-4CF9-9EAA-42901C645E7C}
	EndGlobalSection
EndGlobal
